github.com/chzyer/logex v1.2.1/go.mod h1:JLbx6lG2kDbNRFnfkgvh4eRJRPX1QCoOIWomwysCBrQ=
github.com/chzyer/readline v0.0.0-20180603132655-2972be24d48e/go.mod h1:nSuG5e5PlCu98SY8svDHJxuZscDgtXS6KTTbou5AhLI=
github.com/chzyer/test v1.0.0/go.mod h1:2JlltgoNkt4TW/z9V/IzDdFaMTM2JPIi26O1pF38GC8=
github.com/epikur-io/gopher-lua v1.2.2 h1:JWmrV+vbfLDIhSFZHa0+0BUA+dbMqnsxIzLLjAMRYV4=
github.com/epikur-io/gopher-lua v1.2.2/go.mod h1:tSWAQSkm6ZTAQas0O28SaO1PwQkm1v9l41kmgCXUM2E=
golang.org/x/sys v0.0.0-20190204203706-41f3e6584952/go.mod h1:STP8DvDyc/dI5b8T5hshtkjS+E42TnysNCUPdjciGhY=
